
Microsoft Visual Studio Solution File, Format Version 12.00
# Visual Studio Version 16
VisualStudioVersion = 16.0.29418.71
MinimumVisualStudioVersion = 10.0.40219.1
Project("{FAE04EC0-301F-11D3-BF4B-00C04F79EFBC}") = "IndividuallOppgave", "IndividuallOppgave\IndividuallOppgave.csproj", "{11022B59-6075-462F-89D5-6124B6BAFD1F}"
EndProject
Global
	GlobalSection(SolutionConfigurationPlatforms) = preSolution
		Debug|Any CPU = Debug|Any CPU
		Release|Any CPU = Release|Any CPU
	EndGlobalSection
	GlobalSection(ProjectConfigurationPlatforms) = postSolution
		{11022B59-6075-462F-89D5-6124B6BAFD1F}.Debug|Any CPU.ActiveCfg = Debug|Any CPU
		{11022B59-6075-462F-89D5-6124B6BAFD1F}.Debug|Any CPU.Build.0 = Debug|Any CPU
		{11022B59-6075-462F-89D5-6124B6BAFD1F}.Release|Any CPU.ActiveCfg = Release|Any CPU
		{11022B59-6075-462F-89D5-6124B6BAFD1F}.Release|Any CPU.Build.0 = Release|Any CPU
	EndGlobalSection
	GlobalSection(SolutionProperties) = preSolution
		HideSolutionNode = FALSE
	EndGlobalSection
	GlobalSection(ExtensibilityGlobals) = postSolution
		SolutionGuid = {C8AD0336-2C21-4E4C-A555-1E2788F72E63}
	EndGlobalSection
EndGlobal
